
Microsoft Visual Studio Solution File, Format Version 12.00
# Visual Studio Version 16
VisualStudioVersion = 16.0.31727.386
MinimumVisualStudioVersion = 10.0.40219.1
Project("{FAE04EC0-301F-11D3-BF4B-00C04F79EFBC}") = "SGEMP_Unidad6_ej3", "SGEMP_Unidad6_ej3\SGEMP_Unidad6_ej3.csproj", "{26F46323-55DC-4530-ACCF-509A29298C04}"
EndProject
Global
	GlobalSection(SolutionConfigurationPlatforms) = preSolution
		Debug|Any CPU = Debug|Any CPU
		Release|Any CPU = Release|Any CPU
	EndGlobalSection
	GlobalSection(ProjectConfigurationPlatforms) = postSolution
		{26F46323-55DC-4530-ACCF-509A29298C04}.Debug|Any CPU.ActiveCfg = Debug|Any CPU
		{26F46323-55DC-4530-ACCF-509A29298C04}.Debug|Any CPU.Build.0 = Debug|Any CPU
		{26F46323-55DC-4530-ACCF-509A29298C04}.Release|Any CPU.ActiveCfg = Release|Any CPU
		{26F46323-55DC-4530-ACCF-509A29298C04}.Release|Any CPU.Build.0 = Release|Any CPU
	EndGlobalSection
	GlobalSection(SolutionProperties) = preSolution
		HideSolutionNode = FALSE
	EndGlobalSection
	GlobalSection(ExtensibilityGlobals) = postSolution
		SolutionGuid = {0947741E-04CA-4066-81D7-AFC11FFA09C8}
	EndGlobalSection
EndGlobal
